Microsoft Visual Studio Solution File, Format Version 12.00
# Visual Studio 15
VisualStudioVersion = 15.0.26730.12
MinimumVisualStudioVersion = 10.0.40219.1
Project("{2150E333-8FDC-42A3-9474-1A3956D46DE8}") = "src", "src", "{3EFE6692-0ED9-43B3-9C6D-DF3D4FBA0F56}"
EndProject
Project("{2150E333-8FDC-42A3-9474-1A3956D46DE8}") = "test", "test", "{0AE35626-4FA3-4CF5-94D9-D84087F08AAE}"
EndProject
Project("{9A19103F-16F7-4668-BE54-9A1E7A4F7556}") = "Guilded.Tests", "test\Guilded.Tests\Guilded.Tests.csproj", "{4CACEFEB-BDC1-405E-8A26-C334968862AF}"
EndProject
Project("{9A19103F-16F7-4668-BE54-9A1E7A4F7556}") = "Guilded", "src\Guilded\Guilded.csproj", "{D9BF1637-11E9-4C2E-BF42-A717F7F1D4A5}"
EndProject
Project("{9A19103F-16F7-4668-BE54-9A1E7A4F7556}") = "Guilded.Migrations.Sqlite", "src\Guilded.Migrations.Sqlite\Guilded.Migrations.Sqlite.csproj", "{064A53C7-81AE-479B-BA7B-68FEB3F691F0}"
EndProject
Project("{9A19103F-16F7-4668-BE54-9A1E7A4F7556}") = "Guilded.Data", "src\Guilded.Data\Guilded.Data.csproj", "{7FE36D7D-1E41-49A3-A35A-4750A10785AE}"
EndProject
Project("{9A19103F-16F7-4668-BE54-9A1E7A4F7556}") = "Guilded.Migrations.SqlServer", "src\Guilded.Migrations.SqlServer\Guilded.Migrations.SqlServer.csproj", "{F63B1E31-1203-4DE9-B2B5-F7E17A106B39}"
EndProject
Project("{E53339B2-1760-4266-BCC7-CA923CBCF16C}") = "docker-compose", "docker-compose.dcproj", "{C6EB5A08-9E77-45EB-9836-22177FAF379E}"
EndProject
Global
	GlobalSection(SolutionConfigurationPlatforms) = preSolution
		Debug|Any CPU = Debug|Any CPU
		Release|Any CPU = Release|Any CPU
	EndGlobalSection
	GlobalSection(ProjectConfigurationPlatforms) = postSolution
		{4CACEFEB-BDC1-405E-8A26-C334968862AF}.Debug|Any CPU.ActiveCfg = Debug|Any CPU
		{4CACEFEB-BDC1-405E-8A26-C334968862AF}.Debug|Any CPU.Build.0 = Debug|Any CPU
		{4CACEFEB-BDC1-405E-8A26-C334968862AF}.Release|Any CPU.ActiveCfg = Release|Any CPU
		{4CACEFEB-BDC1-405E-8A26-C334968862AF}.Release|Any CPU.Build.0 = Release|Any CPU
		{D9BF1637-11E9-4C2E-BF42-A717F7F1D4A5}.Debug|Any CPU.ActiveCfg = Debug|Any CPU
		{D9BF1637-11E9-4C2E-BF42-A717F7F1D4A5}.Debug|Any CPU.Build.0 = Debug|Any CPU
		{D9BF1637-11E9-4C2E-BF42-A717F7F1D4A5}.Release|Any CPU.ActiveCfg = Release|Any CPU
		{D9BF1637-11E9-4C2E-BF42-A717F7F1D4A5}.Release|Any CPU.Build.0 = Release|Any CPU
		{064A53C7-81AE-479B-BA7B-68FEB3F691F0}.Debug|Any CPU.ActiveCfg = Debug|Any CPU
		{064A53C7-81AE-479B-BA7B-68FEB3F691F0}.Debug|Any CPU.Build.0 = Debug|Any CPU
		{064A53C7-81AE-479B-BA7B-68FEB3F691F0}.Release|Any CPU.ActiveCfg = Release|Any CPU
		{064A53C7-81AE-479B-BA7B-68FEB3F691F0}.Release|Any CPU.Build.0 = Release|Any CPU
		{7FE36D7D-1E41-49A3-A35A-4750A10785AE}.Debug|Any CPU.ActiveCfg = Debug|Any CPU
		{7FE36D7D-1E41-49A3-A35A-4750A10785AE}.Debug|Any CPU.Build.0 = Debug|Any CPU
		{7FE36D7D-1E41-49A3-A35A-4750A10785AE}.Release|Any CPU.ActiveCfg = Release|Any CPU
		{7FE36D7D-1E41-49A3-A35A-4750A10785AE}.Release|Any CPU.Build.0 = Release|Any CPU
		{F63B1E31-1203-4DE9-B2B5-F7E17A106B39}.Debug|Any CPU.ActiveCfg = Debug|Any CPU
		{F63B1E31-1203-4DE9-B2B5-F7E17A106B39}.Debug|Any CPU.Build.0 = Debug|Any CPU
		{F63B1E31-1203-4DE9-B2B5-F7E17A106B39}.Release|Any CPU.ActiveCfg = Release|Any CPU
		{F63B1E31-1203-4DE9-B2B5-F7E17A106B39}.Release|Any CPU.Build.0 = Release|Any CPU
		{C6EB5A08-9E77-45EB-9836-22177FAF379E}.Debug|Any CPU.ActiveCfg = Debug|Any CPU
		{C6EB5A08-9E77-45EB-9836-22177FAF379E}.Debug|Any CPU.Build.0 = Debug|Any CPU
		{C6EB5A08-9E77-45EB-9836-22177FAF379E}.Release|Any CPU.ActiveCfg = Release|Any CPU
		{C6EB5A08-9E77-45EB-9836-22177FAF379E}.Release|Any CPU.Build.0 = Release|Any CPU
	EndGlobalSection
	GlobalSection(SolutionProperties) = preSolution
		HideSolutionNode = FALSE
	EndGlobalSection
	GlobalSection(NestedProjects) = preSolution
		{4CACEFEB-BDC1-405E-8A26-C334968862AF} = {0AE35626-4FA3-4CF5-94D9-D84087F08AAE}
		{D9BF1637-11E9-4C2E-BF42-A717F7F1D4A5} = {3EFE6692-0ED9-43B3-9C6D-DF3D4FBA0F56}
		{064A53C7-81AE-479B-BA7B-68FEB3F691F0} = {3EFE6692-0ED9-43B3-9C6D-DF3D4FBA0F56}
		{7FE36D7D-1E41-49A3-A35A-4750A10785AE} = {3EFE6692-0ED9-43B3-9C6D-DF3D4FBA0F56}
		{F63B1E31-1203-4DE9-B2B5-F7E17A106B39} = {3EFE6692-0ED9-43B3-9C6D-DF3D4FBA0F56}
	EndGlobalSection
	GlobalSection(ExtensibilityGlobals) = postSolution
		SolutionGuid = {ADC58B32-3F7A-446A-808B-D43EE7A31258}
	EndGlobalSection
EndGlobal
